
Microsoft Visual Studio Solution File, Format Version 12.00
# Visual Studio 15
VisualStudioVersion = 15.0.26730.12
MinimumVisualStudioVersion = 10.0.40219.1
Project("{FAE04EC0-301F-11D3-BF4B-00C04F79EFBC}") = "Vidly", "Vidly\Vidly.csproj", "{3DABB8E7-C7CF-4FD8-828A-F1C46202A27B}"
EndProject
Global
	GlobalSection(SolutionConfigurationPlatforms) = preSolution
		Debug|Any CPU = Debug|Any CPU
		Release|Any CPU = Release|Any CPU
	EndGlobalSection
	GlobalSection(ProjectConfigurationPlatforms) = postSolution
		{3DABB8E7-C7CF-4FD8-828A-F1C46202A27B}.Debug|Any CPU.ActiveCfg = Debug|Any CPU
		{3DABB8E7-C7CF-4FD8-828A-F1C46202A27B}.Debug|Any CPU.Build.0 = Debug|Any CPU
		{3DABB8E7-C7CF-4FD8-828A-F1C46202A27B}.Release|Any CPU.ActiveCfg = Release|Any CPU
		{3DABB8E7-C7CF-4FD8-828A-F1C46202A27B}.Release|Any CPU.Build.0 = Release|Any CPU
	EndGlobalSection
	GlobalSection(SolutionProperties) = preSolution
		HideSolutionNode = FALSE
	EndGlobalSection
	GlobalSection(ExtensibilityGlobals) = postSolution
		SolutionGuid = {19922693-11F9-4494-9724-6F2E911A545C}
	EndGlobalSection
EndGlobal
